// !$*UTF8*$!
{
	archiveVersion = 1;
	classes = {
	};
	objectVersion = 56;
	objects = {

/* Begin PBXBuildFile section */
		05E7F2E92AB1AC9600456CFA /* main.cpp in Sources */ = {isa = PBXBuildFile; fileRef = 05E7F2E82AB1AC9600456CFA /* main.cpp */; };
		05E7F3272AB1AD6F00456CFA /* libopencv_flann.4.8.0.dylib in Frameworks */ = {isa = PBXBuildFile; fileRef = 05E7F2F02AB1AD6F00456CFA /* libopencv_flann.4.8.0.dylib */; };
		05E7F3282AB1AD6F00456CFA /* libopencv_text.4.8.0.dylib in Frameworks */ = {isa = PBXBuildFile; fileRef = 05E7F2F12AB1AD6F00456CFA /* libopencv_text.4.8.0.dylib */; };
		05E7F3292AB1AD6F00456CFA /* libopencv_objdetect.4.8.0.dylib in Frameworks */ = {isa = PBXBuildFile; fileRef = 05E7F2F22AB1AD6F00456CFA /* libopencv_objdetect.4.8.0.dylib */; };
		05E7F32A2AB1AD6F00456CFA /* libopencv_mcc.4.8.0.dylib in Frameworks */ = {isa = PBXBuildFile; fileRef = 05E7F2F32AB1AD6F00456CFA /* libopencv_mcc.4.8.0.dylib */; };
		05E7F32B2AB1AD6F00456CFA /* libopencv_phase_unwrapping.4.8.0.dylib in Frameworks */ = {isa = PBXBuildFile; fileRef = 05E7F2F42AB1AD6F00456CFA /* libopencv_phase_unwrapping.4.8.0.dylib */; };
		05E7F32C2AB1AD6F00456CFA /* libopencv_bioinspired.4.8.0.dylib in Frameworks */ = {isa = PBXBuildFile; fileRef = 05E7F2F52AB1AD6F00456CFA /* libopencv_bioinspired.4.8.0.dylib */; };
		05E7F32D2AB1AD6F00456CFA /* libopencv_videoio.4.8.0.dylib in Frameworks */ = {isa = PBXBuildFile; fileRef = 05E7F2F62AB1AD6F00456CFA /* libopencv_videoio.4.8.0.dylib */; };
		05E7F32E2AB1AD6F00456CFA /* libopencv_dnn_objdetect.4.8.0.dylib in Frameworks */ = {isa = PBXBuildFile; fileRef = 05E7F2F72AB1AD6F00456CFA /* libopencv_dnn_objdetect.4.8.0.dylib */; };
		05E7F32F2AB1AD6F00456CFA /* libopencv_fuzzy.4.8.0.dylib in Frameworks */ = {isa = PBXBuildFile; fileRef = 05E7F2F82AB1AD6F00456CFA /* libopencv_fuzzy.4.8.0.dylib */; };
		05E7F3302AB1AD6F00456CFA /* libopencv_face.4.8.0.dylib in Frameworks */ = {isa = PBXBuildFile; fileRef = 05E7F2F92AB1AD6F00456CFA /* libopencv_face.4.8.0.dylib */; };
		05E7F3312AB1AD6F00456CFA /* libopencv_alphamat.4.8.0.dylib in Frameworks */ = {isa = PBXBuildFile; fileRef = 05E7F2FA2AB1AD6F00456CFA /* libopencv_alphamat.4.8.0.dylib */; };
		05E7F3322AB1AD6F00456CFA /* libopencv_videostab.4.8.0.dylib in Frameworks */ = {isa = PBXBuildFile; fileRef = 05E7F2FB2AB1AD6F00456CFA /* libopencv_videostab.4.8.0.dylib */; };
		05E7F3332AB1AD6F00456CFA /* libopencv_intensity_transform.4.8.0.dylib in Frameworks */ = {isa = PBXBuildFile; fileRef = 05E7F2FC2AB1AD6F00456CFA /* libopencv_intensity_transform.4.8.0.dylib */; };
		05E7F3342AB1AD6F00456CFA /* libopencv_bgsegm.4.8.0.dylib in Frameworks */ = {isa = PBXBuildFile; fileRef = 05E7F2FD2AB1AD6F00456CFA /* libopencv_bgsegm.4.8.0.dylib */; };
		05E7F3352AB1AD6F00456CFA /* libopencv_tracking.4.8.0.dylib in Frameworks */ = {isa = PBXBuildFile; fileRef = 05E7F2FE2AB1AD6F00456CFA /* libopencv_tracking.4.8.0.dylib */; };
		05E7F3362AB1AD6F00456CFA /* libopencv_datasets.4.8.0.dylib in Frameworks */ = {isa = PBXBuildFile; fileRef = 05E7F2FF2AB1AD6F00456CFA /* libopencv_datasets.4.8.0.dylib */; };
		05E7F3372AB1AD6F00456CFA /* libopencv_xphoto.4.8.0.dylib in Frameworks */ = {isa = PBXBuildFile; fileRef = 05E7F3002AB1AD6F00456CFA /* libopencv_xphoto.4.8.0.dylib */; };
		05E7F3382AB1AD6F00456CFA /* libopencv_ml.4.8.0.dylib in Frameworks */ = {isa = PBXBuildFile; fileRef = 05E7F3012AB1AD6F00456CFA /* libopencv_ml.4.8.0.dylib */; };
		05E7F3392AB1AD6F00456CFA /* libopencv_ximgproc.4.8.0.dylib in Frameworks */ = {isa = PBXBuildFile; fileRef = 05E7F3022AB1AD6F00456CFA /* libopencv_ximgproc.4.8.0.dylib */; };
		05E7F33A2AB1AD6F00456CFA /* libopencv_freetype.4.8.0.dylib in Frameworks */ = {isa = PBXBuildFile; fileRef = 05E7F3032AB1AD6F00456CFA /* libopencv_freetype.4.8.0.dylib */; };
		05E7F33B2AB1AD6F00456CFA /* libopencv_highgui.4.8.0.dylib in Frameworks */ = {isa = PBXBuildFile; fileRef = 05E7F3042AB1AD6F00456CFA /* libopencv_highgui.4.8.0.dylib */; };
		05E7F33C2AB1AD6F00456CFA /* libopencv_plot.4.8.0.dylib in Frameworks */ = {isa = PBXBuildFile; fileRef = 05E7F3052AB1AD6F00456CFA /* libopencv_plot.4.8.0.dylib */; };
		05E7F33D2AB1AD6F00456CFA /* libopencv_video.4.8.0.dylib in Frameworks */ = {isa = PBXBuildFile; fileRef = 05E7F3062AB1AD6F00456CFA /* libopencv_video.4.8.0.dylib */; };
		05E7F33E2AB1AD6F00456CFA /* libopencv_stitching.4.8.0.dylib in Frameworks */ = {isa = PBXBuildFile; fileRef = 05E7F3072AB1AD6F00456CFA /* libopencv_stitching.4.8.0.dylib */; };
		05E7F33F2AB1AD6F00456CFA /* libopencv_viz.4.8.0.dylib in Frameworks */ = {isa = PBXBuildFile; fileRef = 05E7F3082AB1AD6F00456CFA /* libopencv_viz.4.8.0.dylib */; };
		05E7F3402AB1AD6F00456CFA /* libopencv_wechat_qrcode.4.8.0.dylib in Frameworks */ = {isa = PBXBuildFile; fileRef = 05E7F3092AB1AD6F00456CFA /* libopencv_wechat_qrcode.4.8.0.dylib */; };
		05E7F3412AB1AD6F00456CFA /* libopencv_dnn_superres.4.8.0.dylib in Frameworks */ = {isa = PBXBuildFile; fileRef = 05E7F30A2AB1AD6F00456CFA /* libopencv_dnn_superres.4.8.0.dylib */; };
		05E7F3422AB1AD6F00456CFA /* libopencv_dpm.4.8.0.dylib in Frameworks */ = {isa = PBXBuildFile; fileRef = 05E7F30B2AB1AD6F00456CFA /* libopencv_dpm.4.8.0.dylib */; };
		05E7F3432AB1AD6F00456CFA /* libopencv_optflow.4.8.0.dylib in Frameworks */ = {isa = PBXBuildFile; fileRef = 05E7F30C2AB1AD6F00456CFA /* libopencv_optflow.4.8.0.dylib */; };
		05E7F3442AB1AD6F00456CFA /* libopencv_sfm.4.8.0.dylib in Frameworks */ = {isa = PBXBuildFile; fileRef = 05E7F30D2AB1AD6F00456CFA /* libopencv_sfm.4.8.0.dylib */; };
		05E7F3452AB1AD6F00456CFA /* libopencv_rgbd.4.8.0.dylib in Frameworks */ = {isa = PBXBuildFile; fileRef = 05E7F30E2AB1AD6F00456CFA /* libopencv_rgbd.4.8.0.dylib */; };
		05E7F3462AB1AD6F00456CFA /* libopencv_calib3d.4.8.0.dylib in Frameworks */ = {isa = PBXBuildFile; fileRef = 05E7F30F2AB1AD6F00456CFA /* libopencv_calib3d.4.8.0.dylib */; };
		05E7F3472AB1AD6F00456CFA /* libopencv_photo.4.8.0.dylib in Frameworks */ = {isa = PBXBuildFile; fileRef = 05E7F3102AB1AD6F00456CFA /* libopencv_photo.4.8.0.dylib */; };
		05E7F3482AB1AD6F00456CFA /* libopencv_gapi.4.8.0.dylib in Frameworks */ = {isa = PBXBuildFile; fileRef = 05E7F3112AB1AD6F00456CFA /* libopencv_gapi.4.8.0.dylib */; };
		05E7F3492AB1AD6F00456CFA /* libopencv_core.4.8.0.dylib in Frameworks */ = {isa = PBXBuildFile; fileRef = 05E7F3122AB1AD6F00456CFA /* libopencv_core.4.8.0.dylib */; };
		05E7F34A2AB1AD6F00456CFA /* libopencv_ccalib.4.8.0.dylib in Frameworks */ = {isa = PBXBuildFile; fileRef = 05E7F3132AB1AD6F00456CFA /* libopencv_ccalib.4.8.0.dylib */; };
		05E7F34B2AB1AD6F00456CFA /* libopencv_line_descriptor.4.8.0.dylib in Frameworks */ = {isa = PBXBuildFile; fileRef = 05E7F3142AB1AD6F00456CFA /* libopencv_line_descriptor.4.8.0.dylib */; };
		05E7F34C2AB1AD6F00456CFA /* libopencv_structured_light.4.8.0.dylib in Frameworks */ = {isa = PBXBuildFile; fileRef = 05E7F3152AB1AD6F00456CFA /* libopencv_structured_light.4.8.0.dylib */; };
		05E7F34D2AB1AD6F00456CFA /* libopencv_imgcodecs.4.8.0.dylib in Frameworks */ = {isa = PBXBuildFile; fileRef = 05E7F3162AB1AD6F00456CFA /* libopencv_imgcodecs.4.8.0.dylib */; };
		05E7F34E2AB1AD6F00456CFA /* libopencv_surface_matching.4.8.0.dylib in Frameworks */ = {isa = PBXBuildFile; fileRef = 05E7F3172AB1AD6F00456CFA /* libopencv_surface_matching.4.8.0.dylib */; };
		05E7F34F2AB1AD6F00456CFA /* libopencv_quality.4.8.0.dylib in Frameworks */ = {isa = PBXBuildFile; fileRef = 05E7F3182AB1AD6F00456CFA /* libopencv_quality.4.8.0.dylib */; };
		05E7F3502AB1AD6F00456CFA /* libopencv_dnn.4.8.0.dylib in Frameworks */ = {isa = PBXBuildFile; fileRef = 05E7F3192AB1AD6F00456CFA /* libopencv_dnn.4.8.0.dylib */; };
		05E7F3512AB1AD6F00456CFA /* libopencv_stereo.4.8.0.dylib in Frameworks */ = {isa = PBXBuildFile; fileRef = 05E7F31A2AB1AD6F00456CFA /* libopencv_stereo.4.8.0.dylib */; };
		05E7F3522AB1AD6F00456CFA /* libopencv_shape.4.8.0.dylib in Frameworks */ = {isa = PBXBuildFile; fileRef = 05E7F31B2AB1AD6F00456CFA /* libopencv_shape.4.8.0.dylib */; };
		05E7F3532AB1AD6F00456CFA /* libopencv_imgproc.4.8.0.dylib in Frameworks */ = {isa = PBXBuildFile; fileRef = 05E7F31C2AB1AD6F00456CFA /* libopencv_imgproc.4.8.0.dylib */; };
		05E7F3542AB1AD6F00456CFA /* libopencv_xfeatures2d.4.8.0.dylib in Frameworks */ = {isa = PBXBuildFile; fileRef = 05E7F31D2AB1AD6F00456CFA /* libopencv_xfeatures2d.4.8.0.dylib */; };
		05E7F3552AB1AD6F00456CFA /* libopencv_saliency.4.8.0.dylib in Frameworks */ = {isa = PBXBuildFile; fileRef = 05E7F31E2AB1AD6F00456CFA /* libopencv_saliency.4.8.0.dylib */; };
		05E7F3562AB1AD6F00456CFA /* libopencv_xobjdetect.4.8.0.dylib in Frameworks */ = {isa = PBXBuildFile; fileRef = 05E7F31F2AB1AD6F00456CFA /* libopencv_xobjdetect.4.8.0.dylib */; };
		05E7F3572AB1AD6F00456CFA /* libopencv_reg.4.8.0.dylib in Frameworks */ = {isa = PBXBuildFile; fileRef = 05E7F3202AB1AD6F00456CFA /* libopencv_reg.4.8.0.dylib */; };
		05E7F3582AB1AD6F00456CFA /* libopencv_img_hash.4.8.0.dylib in Frameworks */ = {isa = PBXBuildFile; fileRef = 05E7F3212AB1AD6F00456CFA /* libopencv_img_hash.4.8.0.dylib */; };
		05E7F3592AB1AD6F00456CFA /* libopencv_rapid.4.8.0.dylib in Frameworks */ = {isa = PBXBuildFile; fileRef = 05E7F3222AB1AD6F00456CFA /* libopencv_rapid.4.8.0.dylib */; };
		05E7F35A2AB1AD6F00456CFA /* libopencv_aruco.4.8.0.dylib in Frameworks */ = {isa = PBXBuildFile; fileRef = 05E7F3232AB1AD6F00456CFA /* libopencv_aruco.4.8.0.dylib */; };
		05E7F35B2AB1AD6F00456CFA /* libopencv_hfs.4.8.0.dylib in Frameworks */ = {isa = PBXBuildFile; fileRef = 05E7F3242AB1AD6F00456CFA /* libopencv_hfs.4.8.0.dylib */; };
		05E7F35C2AB1AD6F00456CFA /* libopencv_features2d.4.8.0.dylib in Frameworks */ = {isa = PBXBuildFile; fileRef = 05E7F3252AB1AD6F00456CFA /* libopencv_features2d.4.8.0.dylib */; };
		05E7F35D2AB1AD6F00456CFA /* libopencv_superres.4.8.0.dylib in Frameworks */ = {isa = PBXBuildFile; fileRef = 05E7F3262AB1AD6F00456CFA /* libopencv_superres.4.8.0.dylib */; };
/* End PBXBuildFile section */

/* Begin PBXCopyFilesBuildPhase section */
		05E7F2E32AB1AC9600456CFA /* CopyFiles */ = {
			isa = PBXCopyFilesBuildPhase;
			buildActionMask = 2147483647;
			dstPath = /usr/share/man/man1/;
			dstSubfolderSpec = 0;
			files = (
			);
			runOnlyForDeploymentPostprocessing = 1;
		};
/* End PBXCopyFilesBuildPhase section */

/* Begin PBXFileReference section */
		05E7F2E52AB1AC9600456CFA /* opencv_exp_1 */ = {isa = PBXFileReference; explicitFileType = "compiled.mach-o.executable"; includeInIndex = 0; path = opencv_exp_1; sourceTree = BUILT_PRODUCTS_DIR; };
		05E7F2E82AB1AC9600456CFA /* main.cpp */ = {isa = PBXFileReference; lastKnownFileType = sourcecode.cpp.cpp; path = main.cpp; sourceTree = "<group>"; };
		05E7F2F02AB1AD6F00456CFA /* libopencv_flann.4.8.0.dylib */ = {isa = PBXFileReference; lastKnownFileType = "compiled.mach-o.dylib"; name = libopencv_flann.4.8.0.dylib; path = ../../../../../../../../opt/homebrew/Cellar/opencv/4.8.0_6/lib/libopencv_flann.4.8.0.dylib; sourceTree = "<group>"; };
		05E7F2F12AB1AD6F00456CFA /* libopencv_text.4.8.0.dylib */ = {isa = PBXFileReference; lastKnownFileType = "compiled.mach-o.dylib"; name = libopencv_text.4.8.0.dylib; path = ../../../../../../../../opt/homebrew/Cellar/opencv/4.8.0_6/lib/libopencv_text.4.8.0.dylib; sourceTree = "<group>"; };
		05E7F2F22AB1AD6F00456CFA /* libopencv_objdetect.4.8.0.dylib */ = {isa = PBXFileReference; lastKnownFileType = "compiled.mach-o.dylib"; name = libopencv_objdetect.4.8.0.dylib; path = ../../../../../../../../opt/homebrew/Cellar/opencv/4.8.0_6/lib/libopencv_objdetect.4.8.0.dylib; sourceTree = "<group>"; };
		05E7F2F32AB1AD6F00456CFA /* libopencv_mcc.4.8.0.dylib */ = {isa = PBXFileReference; lastKnownFileType = "compiled.mach-o.dylib"; name = libopencv_mcc.4.8.0.dylib; path = ../../../../../../../../opt/homebrew/Cellar/opencv/4.8.0_6/lib/libopencv_mcc.4.8.0.dylib; sourceTree = "<group>"; };
		05E7F2F42AB1AD6F00456CFA /* libopencv_phase_unwrapping.4.8.0.dylib */ = {isa = PBXFileReference; lastKnownFileType = "compiled.mach-o.dylib"; name = libopencv_phase_unwrapping.4.8.0.dylib; path = ../../../../../../../../opt/homebrew/Cellar/opencv/4.8.0_6/lib/libopencv_phase_unwrapping.4.8.0.dylib; sourceTree = "<group>"; };
		05E7F2F52AB1AD6F00456CFA /* libopencv_bioinspired.4.8.0.dylib */ = {isa = PBXFileReference; lastKnownFileType = "compiled.mach-o.dylib"; name = libopencv_bioinspired.4.8.0.dylib; path = ../../../../../../../../opt/homebrew/Cellar/opencv/4.8.0_6/lib/libopencv_bioinspired.4.8.0.dylib; sourceTree = "<group>"; };
		05E7F2F62AB1AD6F00456CFA /* libopencv_videoio.4.8.0.dylib */ = {isa = PBXFileReference; lastKnownFileType = "compiled.mach-o.dylib"; name = libopencv_videoio.4.8.0.dylib; path = ../../../../../../../../opt/homebrew/Cellar/opencv/4.8.0_6/lib/libopencv_videoio.4.8.0.dylib; sourceTree = "<group>"; };
		05E7F2F72AB1AD6F00456CFA /* libopencv_dnn_objdetect.4.8.0.dylib */ = {isa = PBXFileReference; lastKnownFileType = "compiled.mach-o.dylib"; name = libopencv_dnn_objdetect.4.8.0.dylib; path = ../../../../../../../../opt/homebrew/Cellar/opencv/4.8.0_6/lib/libopencv_dnn_objdetect.4.8.0.dylib; sourceTree = "<group>"; };
		05E7F2F82AB1AD6F00456CFA /* libopencv_fuzzy.4.8.0.dylib */ = {isa = PBXFileReference; lastKnownFileType = "compiled.mach-o.dylib"; name = libopencv_fuzzy.4.8.0.dylib; path = ../../../../../../../../opt/homebrew/Cellar/opencv/4.8.0_6/lib/libopencv_fuzzy.4.8.0.dylib; sourceTree = "<group>"; };
		05E7F2F92AB1AD6F00456CFA /* libopencv_face.4.8.0.dylib */ = {isa = PBXFileReference; lastKnownFileType = "compiled.mach-o.dylib"; name = libopencv_face.4.8.0.dylib; path = ../../../../../../../../opt/homebrew/Cellar/opencv/4.8.0_6/lib/libopencv_face.4.8.0.dylib; sourceTree = "<group>"; };
		05E7F2FA2AB1AD6F00456CFA /* libopencv_alphamat.4.8.0.dylib */ = {isa = PBXFileReference; lastKnownFileType = "compiled.mach-o.dylib"; name = libopencv_alphamat.4.8.0.dylib; path = ../../../../../../../../opt/homebrew/Cellar/opencv/4.8.0_6/lib/libopencv_alphamat.4.8.0.dylib; sourceTree = "<group>"; };
		05E7F2FB2AB1AD6F00456CFA /* libopencv_videostab.4.8.0.dylib */ = {isa = PBXFileReference; lastKnownFileType = "compiled.mach-o.dylib"; name = libopencv_videostab.4.8.0.dylib; path = ../../../../../../../../opt/homebrew/Cellar/opencv/4.8.0_6/lib/libopencv_videostab.4.8.0.dylib; sourceTree = "<group>"; };
		05E7F2FC2AB1AD6F00456CFA /* libopencv_intensity_transform.4.8.0.dylib */ = {isa = PBXFileReference; lastKnownFileType = "compiled.mach-o.dylib"; name = libopencv_intensity_transform.4.8.0.dylib; path = ../../../../../../../../opt/homebrew/Cellar/opencv/4.8.0_6/lib/libopencv_intensity_transform.4.8.0.dylib; sourceTree = "<group>"; };
		05E7F2FD2AB1AD6F00456CFA /* libopencv_bgsegm.4.8.0.dylib */ = {isa = PBXFileReference; lastKnownFileType = "compiled.mach-o.dylib"; name = libopencv_bgsegm.4.8.0.dylib; path = ../../../../../../../../opt/homebrew/Cellar/opencv/4.8.0_6/lib/libopencv_bgsegm.4.8.0.dylib; sourceTree = "<group>"; };
		05E7F2FE2AB1AD6F00456CFA /* libopencv_tracking.4.8.0.dylib */ = {isa = PBXFileReference; lastKnownFileType = "compiled.mach-o.dylib"; name = libopencv_tracking.4.8.0.dylib; path = ../../../../../../../../opt/homebrew/Cellar/opencv/4.8.0_6/lib/libopencv_tracking.4.8.0.dylib; sourceTree = "<group>"; };
		05E7F2FF2AB1AD6F00456CFA /* libopencv_datasets.4.8.0.dylib */ = {isa = PBXFileReference; lastKnownFileType = "compiled.mach-o.dylib"; name = libopencv_datasets.4.8.0.dylib; path = ../../../../../../../../opt/homebrew/Cellar/opencv/4.8.0_6/lib/libopencv_datasets.4.8.0.dylib; sourceTree = "<group>"; };
		05E7F3002AB1AD6F00456CFA /* libopencv_xphoto.4.8.0.dylib */ = {isa = PBXFileReference; lastKnownFileType = "compiled.mach-o.dylib"; name = libopencv_xphoto.4.8.0.dylib; path = ../../../../../../../../opt/homebrew/Cellar/opencv/4.8.0_6/lib/libopencv_xphoto.4.8.0.dylib; sourceTree = "<group>"; };
		05E7F3012AB1AD6F00456CFA /* libopencv_ml.4.8.0.dylib */ = {isa = PBXFileReference; lastKnownFileType = "compiled.mach-o.dylib"; name = libopencv_ml.4.8.0.dylib; path = ../../../../../../../../opt/homebrew/Cellar/opencv/4.8.0_6/lib/libopencv_ml.4.8.0.dylib; sourceTree = "<group>"; };
		05E7F3022AB1AD6F00456CFA /* libopencv_ximgproc.4.8.0.dylib */ = {isa = PBXFileReference; lastKnownFileType = "compiled.mach-o.dylib"; name = libopencv_ximgproc.4.8.0.dylib; path = ../../../../../../../../opt/homebrew/Cellar/opencv/4.8.0_6/lib/libopencv_ximgproc.4.8.0.dylib; sourceTree = "<group>"; };
		05E7F3032AB1AD6F00456CFA /* libopencv_freetype.4.8.0.dylib */ = {isa = PBXFileReference; lastKnownFileType = "compiled.mach-o.dylib"; name = libopencv_freetype.4.8.0.dylib; path = ../../../../../../../../opt/homebrew/Cellar/opencv/4.8.0_6/lib/libopencv_freetype.4.8.0.dylib; sourceTree = "<group>"; };
		05E7F3042AB1AD6F00456CFA /* libopencv_highgui.4.8.0.dylib */ = {isa = PBXFileReference; lastKnownFileType = "compiled.mach-o.dylib"; name = libopencv_highgui.4.8.0.dylib; path = ../../../../../../../../opt/homebrew/Cellar/opencv/4.8.0_6/lib/libopencv_highgui.4.8.0.dylib; sourceTree = "<group>"; };
		05E7F3052AB1AD6F00456CFA /* libopencv_plot.4.8.0.dylib */ = {isa = PBXFileReference; lastKnownFileType = "compiled.mach-o.dylib"; name = libopencv_plot.4.8.0.dylib; path = ../../../../../../../../opt/homebrew/Cellar/opencv/4.8.0_6/lib/libopencv_plot.4.8.0.dylib; sourceTree = "<group>"; };
		05E7F3062AB1AD6F00456CFA /* libopencv_video.4.8.0.dylib */ = {isa = PBXFileReference; lastKnownFileType = "compiled.mach-o.dylib"; name = libopencv_video.4.8.0.dylib; path = ../../../../../../../../opt/homebrew/Cellar/opencv/4.8.0_6/lib/libopencv_video.4.8.0.dylib; sourceTree = "<group>"; };
		05E7F3072AB1AD6F00456CFA /* libopencv_stitching.4.8.0.dylib */ = {isa = PBXFileReference; lastKnownFileType = "compiled.mach-o.dylib"; name = libopencv_stitching.4.8.0.dylib; path = ../../../../../../../../opt/homebrew/Cellar/opencv/4.8.0_6/lib/libopencv_stitching.4.8.0.dylib; sourceTree = "<group>"; };
		05E7F3082AB1AD6F00456CFA /* libopencv_viz.4.8.0.dylib */ = {isa = PBXFileReference; lastKnownFileType = "compiled.mach-o.dylib"; name = libopencv_viz.4.8.0.dylib; path = ../../../../../../../../opt/homebrew/Cellar/opencv/4.8.0_6/lib/libopencv_viz.4.8.0.dylib; sourceTree = "<group>"; };
		05E7F3092AB1AD6F00456CFA /* libopencv_wechat_qrcode.4.8.0.dylib */ = {isa = PBXFileReference; lastKnownFileType = "compiled.mach-o.dylib"; name = libopencv_wechat_qrcode.4.8.0.dylib; path = ../../../../../../../../opt/homebrew/Cellar/opencv/4.8.0_6/lib/libopencv_wechat_qrcode.4.8.0.dylib; sourceTree = "<group>"; };
		05E7F30A2AB1AD6F00456CFA /* libopencv_dnn_superres.4.8.0.dylib */ = {isa = PBXFileReference; lastKnownFileType = "compiled.mach-o.dylib"; name = libopencv_dnn_superres.4.8.0.dylib; path = ../../../../../../../../opt/homebrew/Cellar/opencv/4.8.0_6/lib/libopencv_dnn_superres.4.8.0.dylib; sourceTree = "<group>"; };
		05E7F30B2AB1AD6F00456CFA /* libopencv_dpm.4.8.0.dylib */ = {isa = PBXFileReference; lastKnownFileType = "compiled.mach-o.dylib"; name = libopencv_dpm.4.8.0.dylib; path = ../../../../../../../../opt/homebrew/Cellar/opencv/4.8.0_6/lib/libopencv_dpm.4.8.0.dylib; sourceTree = "<group>"; };
		05E7F30C2AB1AD6F00456CFA /* libopencv_optflow.4.8.0.dylib */ = {isa = PBXFileReference; lastKnownFileType = "compiled.mach-o.dylib"; name = libopencv_optflow.4.8.0.dylib; path = ../../../../../../../../opt/homebrew/Cellar/opencv/4.8.0_6/lib/libopencv_optflow.4.8.0.dylib; sourceTree = "<group>"; };
		05E7F30D2AB1AD6F00456CFA /* libopencv_sfm.4.8.0.dylib */ = {isa = PBXFileReference; lastKnownFileType = "compiled.mach-o.dylib"; name = libopencv_sfm.4.8.0.dylib; path = ../../../../../../../../opt/homebrew/Cellar/opencv/4.8.0_6/lib/libopencv_sfm.4.8.0.dylib; sourceTree = "<group>"; };
		05E7F30E2AB1AD6F00456CFA /* libopencv_rgbd.4.8.0.dylib */ = {isa = PBXFileReference; lastKnownFileType = "compiled.mach-o.dylib"; name = libopencv_rgbd.4.8.0.dylib; path = ../../../../../../../../opt/homebrew/Cellar/opencv/4.8.0_6/lib/libopencv_rgbd.4.8.0.dylib; sourceTree = "<group>"; };
		05E7F30F2AB1AD6F00456CFA /* libopencv_calib3d.4.8.0.dylib */ = {isa = PBXFileReference; lastKnownFileType = "compiled.mach-o.dylib"; name = libopencv_calib3d.4.8.0.dylib; path = ../../../../../../../../opt/homebrew/Cellar/opencv/4.8.0_6/lib/libopencv_calib3d.4.8.0.dylib; sourceTree = "<group>"; };
		05E7F3102AB1AD6F00456CFA /* libopencv_photo.4.8.0.dylib */ = {isa = PBXFileReference; lastKnownFileType = "compiled.mach-o.dylib"; name = libopencv_photo.4.8.0.dylib; path = ../../../../../../../../opt/homebrew/Cellar/opencv/4.8.0_6/lib/libopencv_photo.4.8.0.dylib; sourceTree = "<group>"; };
		05E7F3112AB1AD6F00456CFA /* libopencv_gapi.4.8.0.dylib */ = {isa = PBXFileReference; lastKnownFileType = "compiled.mach-o.dylib"; name = libopencv_gapi.4.8.0.dylib; path = ../../../../../../../../opt/homebrew/Cellar/opencv/4.8.0_6/lib/libopencv_gapi.4.8.0.dylib; sourceTree = "<group>"; };
		05E7F3122AB1AD6F00456CFA /* libopencv_core.4.8.0.dylib */ = {isa = PBXFileReference; lastKnownFileType = "compiled.mach-o.dylib"; name = libopencv_core.4.8.0.dylib; path = ../../../../../../../../opt/homebrew/Cellar/opencv/4.8.0_6/lib/libopencv_core.4.8.0.dylib; sourceTree = "<group>"; };
		05E7F3132AB1AD6F00456CFA /* libopencv_ccalib.4.8.0.dylib */ = {isa = PBXFileReference; lastKnownFileType = "compiled.mach-o.dylib"; name = libopencv_ccalib.4.8.0.dylib; path = ../../../../../../../../opt/homebrew/Cellar/opencv/4.8.0_6/lib/libopencv_ccalib.4.8.0.dylib; sourceTree = "<group>"; };
		05E7F3142AB1AD6F00456CFA /* libopencv_line_descriptor.4.8.0.dylib */ = {isa = PBXFileReference; lastKnownFileType = "compiled.mach-o.dylib"; name = libopencv_line_descriptor.4.8.0.dylib; path = ../../../../../../../../opt/homebrew/Cellar/opencv/4.8.0_6/lib/libopencv_line_descriptor.4.8.0.dylib; sourceTree = "<group>"; };
		05E7F3152AB1AD6F00456CFA /* libopencv_structured_light.4.8.0.dylib */ = {isa = PBXFileReference; lastKnownFileType = "compiled.mach-o.dylib"; name = libopencv_structured_light.4.8.0.dylib; path = ../../../../../../../../opt/homebrew/Cellar/opencv/4.8.0_6/lib/libopencv_structured_light.4.8.0.dylib; sourceTree = "<group>"; };
		05E7F3162AB1AD6F00456CFA /* libopencv_imgcodecs.4.8.0.dylib */ = {isa = PBXFileReference; lastKnownFileType = "compiled.mach-o.dylib"; name = libopencv_imgcodecs.4.8.0.dylib; path = ../../../../../../../../opt/homebrew/Cellar/opencv/4.8.0_6/lib/libopencv_imgcodecs.4.8.0.dylib; sourceTree = "<group>"; };
		05E7F3172AB1AD6F00456CFA /* libopencv_surface_matching.4.8.0.dylib */ = {isa = PBXFileReference; lastKnownFileType = "compiled.mach-o.dylib"; name = libopencv_surface_matching.4.8.0.dylib; path = ../../../../../../../../opt/homebrew/Cellar/opencv/4.8.0_6/lib/libopencv_surface_matching.4.8.0.dylib; sourceTree = "<group>"; };
		05E7F3182AB1AD6F00456CFA /* libopencv_quality.4.8.0.dylib */ = {isa = PBXFileReference; lastKnownFileType = "compiled.mach-o.dylib"; name = libopencv_quality.4.8.0.dylib; path = ../../../../../../../../opt/homebrew/Cellar/opencv/4.8.0_6/lib/libopencv_quality.4.8.0.dylib; sourceTree = "<group>"; };
		05E7F3192AB1AD6F00456CFA /* libopencv_dnn.4.8.0.dylib */ = {isa = PBXFileReference; lastKnownFileType = "compiled.mach-o.dylib"; name = libopencv_dnn.4.8.0.dylib; path = ../../../../../../../../opt/homebrew/Cellar/opencv/4.8.0_6/lib/libopencv_dnn.4.8.0.dylib; sourceTree = "<group>"; };
		05E7F31A2AB1AD6F00456CFA /* libopencv_stereo.4.8.0.dylib */ = {isa = PBXFileReference; lastKnownFileType = "compiled.mach-o.dylib"; name = libopencv_stereo.4.8.0.dylib; path = ../../../../../../../../opt/homebrew/Cellar/opencv/4.8.0_6/lib/libopencv_stereo.4.8.0.dylib; sourceTree = "<group>"; };
		05E7F31B2AB1AD6F00456CFA /* libopencv_shape.4.8.0.dylib */ = {isa = PBXFileReference; lastKnownFileType = "compiled.mach-o.dylib"; name = libopencv_shape.4.8.0.dylib; path = ../../../../../../../../opt/homebrew/Cellar/opencv/4.8.0_6/lib/libopencv_shape.4.8.0.dylib; sourceTree = "<group>"; };
		05E7F31C2AB1AD6F00456CFA /* libopencv_imgproc.4.8.0.dylib */ = {isa = PBXFileReference; lastKnownFileType = "compiled.mach-o.dylib"; name = libopencv_imgproc.4.8.0.dylib; path = ../../../../../../../../opt/homebrew/Cellar/opencv/4.8.0_6/lib/libopencv_imgproc.4.8.0.dylib; sourceTree = "<group>"; };
		05E7F31D2AB1AD6F00456CFA /* libopencv_xfeatures2d.4.8.0.dylib */ = {isa = PBXFileReference; lastKnownFileType = "compiled.mach-o.dylib"; name = libopencv_xfeatures2d.4.8.0.dylib; path = ../../../../../../../../opt/homebrew/Cellar/opencv/4.8.0_6/lib/libopencv_xfeatures2d.4.8.0.dylib; sourceTree = "<group>"; };
		05E7F31E2AB1AD6F00456CFA /* libopencv_saliency.4.8.0.dylib */ = {isa = PBXFileReference; lastKnownFileType = "compiled.mach-o.dylib"; name = libopencv_saliency.4.8.0.dylib; path = ../../../../../../../../opt/homebrew/Cellar/opencv/4.8.0_6/lib/libopencv_saliency.4.8.0.dylib; sourceTree = "<group>"; };
		05E7F31F2AB1AD6F00456CFA /* libopencv_xobjdetect.4.8.0.dylib */ = {isa = PBXFileReference; lastKnownFileType = "compiled.mach-o.dylib"; name = libopencv_xobjdetect.4.8.0.dylib; path = ../../../../../../../../opt/homebrew/Cellar/opencv/4.8.0_6/lib/libopencv_xobjdetect.4.8.0.dylib; sourceTree = "<group>"; };
		05E7F3202AB1AD6F00456CFA /* libopencv_reg.4.8.0.dylib */ = {isa = PBXFileReference; lastKnownFileType = "compiled.mach-o.dylib"; name = libopencv_reg.4.8.0.dylib; path = ../../../../../../../../opt/homebrew/Cellar/opencv/4.8.0_6/lib/libopencv_reg.4.8.0.dylib; sourceTree = "<group>"; };
		05E7F3212AB1AD6F00456CFA /* libopencv_img_hash.4.8.0.dylib */ = {isa = PBXFileReference; lastKnownFileType = "compiled.mach-o.dylib"; name = libopencv_img_hash.4.8.0.dylib; path = ../../../../../../../../opt/homebrew/Cellar/opencv/4.8.0_6/lib/libopencv_img_hash.4.8.0.dylib; sourceTree = "<group>"; };
		05E7F3222AB1AD6F00456CFA /* libopencv_rapid.4.8.0.dylib */ = {isa = PBXFileReference; lastKnownFileType = "compiled.mach-o.dylib"; name = libopencv_rapid.4.8.0.dylib; path = ../../../../../../../../opt/homebrew/Cellar/opencv/4.8.0_6/lib/libopencv_rapid.4.8.0.dylib; sourceTree = "<group>"; };
		05E7F3232AB1AD6F00456CFA /* libopencv_aruco.4.8.0.dylib */ = {isa = PBXFileReference; lastKnownFileType = "compiled.mach-o.dylib"; name = libopencv_aruco.4.8.0.dylib; path = ../../../../../../../../opt/homebrew/Cellar/opencv/4.8.0_6/lib/libopencv_aruco.4.8.0.dylib; sourceTree = "<group>"; };
		05E7F3242AB1AD6F00456CFA /* libopencv_hfs.4.8.0.dylib */ = {isa = PBXFileReference; lastKnownFileType = "compiled.mach-o.dylib"; name = libopencv_hfs.4.8.0.dylib; path = ../../../../../../../../opt/homebrew/Cellar/opencv/4.8.0_6/lib/libopencv_hfs.4.8.0.dylib; sourceTree = "<group>"; };
		05E7F3252AB1AD6F00456CFA /* libopencv_features2d.4.8.0.dylib */ = {isa = PBXFileReference; lastKnownFileType = "compiled.mach-o.dylib"; name = libopencv_features2d.4.8.0.dylib; path = ../../../../../../../../opt/homebrew/Cellar/opencv/4.8.0_6/lib/libopencv_features2d.4.8.0.dylib; sourceTree = "<group>"; };
		05E7F3262AB1AD6F00456CFA /* libopencv_superres.4.8.0.dylib */ = {isa = PBXFileReference; lastKnownFileType = "compiled.mach-o.dylib"; name = libopencv_superres.4.8.0.dylib; path = ../../../../../../../../opt/homebrew/Cellar/opencv/4.8.0_6/lib/libopencv_superres.4.8.0.dylib; sourceTree = "<group>"; };
/* End PBXFileReference section */

/* Begin PBXFrameworksBuildPhase section */
		05E7F2E22AB1AC9600456CFA /* Frameworks */ = {
			isa = PBXFrameworksBuildPhase;
			buildActionMask = 2147483647;
			files = (
				05E7F3392AB1AD6F00456CFA /* libopencv_ximgproc.4.8.0.dylib in Frameworks */,
				05E7F3522AB1AD6F00456CFA /* libopencv_shape.4.8.0.dylib in Frameworks */,
				05E7F3432AB1AD6F00456CFA /* libopencv_optflow.4.8.0.dylib in Frameworks */,
				05E7F3382AB1AD6F00456CFA /* libopencv_ml.4.8.0.dylib in Frameworks */,
				05E7F33B2AB1AD6F00456CFA /* libopencv_highgui.4.8.0.dylib in Frameworks */,
				05E7F3582AB1AD6F00456CFA /* libopencv_img_hash.4.8.0.dylib in Frameworks */,
				05E7F34F2AB1AD6F00456CFA /* libopencv_quality.4.8.0.dylib in Frameworks */,
				05E7F34D2AB1AD6F00456CFA /* libopencv_imgcodecs.4.8.0.dylib in Frameworks */,
				05E7F3402AB1AD6F00456CFA /* libopencv_wechat_qrcode.4.8.0.dylib in Frameworks */,
				05E7F3362AB1AD6F00456CFA /* libopencv_datasets.4.8.0.dylib in Frameworks */,
				05E7F32D2AB1AD6F00456CFA /* libopencv_videoio.4.8.0.dylib in Frameworks */,
				05E7F3312AB1AD6F00456CFA /* libopencv_alphamat.4.8.0.dylib in Frameworks */,
				05E7F35C2AB1AD6F00456CFA /* libopencv_features2d.4.8.0.dylib in Frameworks */,
				05E7F34B2AB1AD6F00456CFA /* libopencv_line_descriptor.4.8.0.dylib in Frameworks */,
				05E7F3342AB1AD6F00456CFA /* libopencv_bgsegm.4.8.0.dylib in Frameworks */,
				05E7F3282AB1AD6F00456CFA /* libopencv_text.4.8.0.dylib in Frameworks */,
				05E7F33A2AB1AD6F00456CFA /* libopencv_freetype.4.8.0.dylib in Frameworks */,
				05E7F35B2AB1AD6F00456CFA /* libopencv_hfs.4.8.0.dylib in Frameworks */,
				05E7F3572AB1AD6F00456CFA /* libopencv_reg.4.8.0.dylib in Frameworks */,
				05E7F32A2AB1AD6F00456CFA /* libopencv_mcc.4.8.0.dylib in Frameworks */,
				05E7F35A2AB1AD6F00456CFA /* libopencv_aruco.4.8.0.dylib in Frameworks */,
				05E7F3332AB1AD6F00456CFA /* libopencv_intensity_transform.4.8.0.dylib in Frameworks */,
				05E7F32C2AB1AD6F00456CFA /* libopencv_bioinspired.4.8.0.dylib in Frameworks */,
				05E7F3452AB1AD6F00456CFA /* libopencv_rgbd.4.8.0.dylib in Frameworks */,
				05E7F3552AB1AD6F00456CFA /* libopencv_saliency.4.8.0.dylib in Frameworks */,
				05E7F3502AB1AD6F00456CFA /* libopencv_dnn.4.8.0.dylib in Frameworks */,
				05E7F34A2AB1AD6F00456CFA /* libopencv_ccalib.4.8.0.dylib in Frameworks */,
				05E7F34E2AB1AD6F00456CFA /* libopencv_surface_matching.4.8.0.dylib in Frameworks */,
				05E7F3292AB1AD6F00456CFA /* libopencv_objdetect.4.8.0.dylib in Frameworks */,
				05E7F3412AB1AD6F00456CFA /* libopencv_dnn_superres.4.8.0.dylib in Frameworks */,
				05E7F33F2AB1AD6F00456CFA /* libopencv_viz.4.8.0.dylib in Frameworks */,
				05E7F3562AB1AD6F00456CFA /* libopencv_xobjdetect.4.8.0.dylib in Frameworks */,
				05E7F3542AB1AD6F00456CFA /* libopencv_xfeatures2d.4.8.0.dylib in Frameworks */,
				05E7F3352AB1AD6F00456CFA /* libopencv_tracking.4.8.0.dylib in Frameworks */,
				05E7F33C2AB1AD6F00456CFA /* libopencv_plot.4.8.0.dylib in Frameworks */,
				05E7F3482AB1AD6F00456CFA /* libopencv_gapi.4.8.0.dylib in Frameworks */,
				05E7F35D2AB1AD6F00456CFA /* libopencv_superres.4.8.0.dylib in Frameworks */,
				05E7F3372AB1AD6F00456CFA /* libopencv_xphoto.4.8.0.dylib in Frameworks */,
				05E7F3422AB1AD6F00456CFA /* libopencv_dpm.4.8.0.dylib in Frameworks */,
				05E7F3272AB1AD6F00456CFA /* libopencv_flann.4.8.0.dylib in Frameworks */,
				05E7F3592AB1AD6F00456CFA /* libopencv_rapid.4.8.0.dylib in Frameworks */,
				05E7F3442AB1AD6F00456CFA /* libopencv_sfm.4.8.0.dylib in Frameworks */,
				05E7F34C2AB1AD6F00456CFA /* libopencv_structured_light.4.8.0.dylib in Frameworks */,
				05E7F3472AB1AD6F00456CFA /* libopencv_photo.4.8.0.dylib in Frameworks */,
				05E7F3512AB1AD6F00456CFA /* libopencv_stereo.4.8.0.dylib in Frameworks */,
				05E7F3462AB1AD6F00456CFA /* libopencv_calib3d.4.8.0.dylib in Frameworks */,
				05E7F3302AB1AD6F00456CFA /* libopencv_face.4.8.0.dylib in Frameworks */,
				05E7F32B2AB1AD6F00456CFA /* libopencv_phase_unwrapping.4.8.0.dylib in Frameworks */,
				05E7F3322AB1AD6F00456CFA /* libopencv_videostab.4.8.0.dylib in Frameworks */,
				05E7F33D2AB1AD6F00456CFA /* libopencv_video.4.8.0.dylib in Frameworks */,
				05E7F33E2AB1AD6F00456CFA /* libopencv_stitching.4.8.0.dylib in Frameworks */,
				05E7F3492AB1AD6F00456CFA /* libopencv_core.4.8.0.dylib in Frameworks */,
				05E7F32E2AB1AD6F00456CFA /* libopencv_dnn_objdetect.4.8.0.dylib in Frameworks */,
				05E7F3532AB1AD6F00456CFA /* libopencv_imgproc.4.8.0.dylib in Frameworks */,
				05E7F32F2AB1AD6F00456CFA /* libopencv_fuzzy.4.8.0.dylib in Frameworks */,
			);
			runOnlyForDeploymentPostprocessing = 0;
		};
/* End PBXFrameworksBuildPhase section */

/* Begin PBXGroup section */
		05E7F2DC2AB1AC9600456CFA = {
			isa = PBXGroup;
			children = (
				05E7F2EF2AB1AD4500456CFA /* opencvGroup */,
				05E7F2E72AB1AC9600456CFA /* opencv_exp_1 */,
				05E7F2E62AB1AC9600456CFA /* Products */,
			);
			sourceTree = "<group>";
		};
		05E7F2E62AB1AC9600456CFA /* Products */ = {
			isa = PBXGroup;
			children = (
				05E7F2E52AB1AC9600456CFA /* opencv_exp_1 */,
			);
			name = Products;
			sourceTree = "<group>";
		};
		05E7F2E72AB1AC9600456CFA /* opencv_exp_1 */ = {
			isa = PBXGroup;
			children = (
				05E7F2E82AB1AC9600456CFA /* main.cpp */,
			);
			path = opencv_exp_1;
			sourceTree = "<group>";
		};
		05E7F2EF2AB1AD4500456CFA /* opencvGroup */ = {
			isa = PBXGroup;
			children = (
				05E7F2FA2AB1AD6F00456CFA /* libopencv_alphamat.4.8.0.dylib */,
				05E7F3232AB1AD6F00456CFA /* libopencv_aruco.4.8.0.dylib */,
				05E7F2FD2AB1AD6F00456CFA /* libopencv_bgsegm.4.8.0.dylib */,
				05E7F2F52AB1AD6F00456CFA /* libopencv_bioinspired.4.8.0.dylib */,
				05E7F30F2AB1AD6F00456CFA /* libopencv_calib3d.4.8.0.dylib */,
				05E7F3132AB1AD6F00456CFA /* libopencv_ccalib.4.8.0.dylib */,
				05E7F3122AB1AD6F00456CFA /* libopencv_core.4.8.0.dylib */,
				05E7F2FF2AB1AD6F00456CFA /* libopencv_datasets.4.8.0.dylib */,
				05E7F2F72AB1AD6F00456CFA /* libopencv_dnn_objdetect.4.8.0.dylib */,
				05E7F30A2AB1AD6F00456CFA /* libopencv_dnn_superres.4.8.0.dylib */,
				05E7F3192AB1AD6F00456CFA /* libopencv_dnn.4.8.0.dylib */,
				05E7F30B2AB1AD6F00456CFA /* libopencv_dpm.4.8.0.dylib */,
				05E7F2F92AB1AD6F00456CFA /* libopencv_face.4.8.0.dylib */,
				05E7F3252AB1AD6F00456CFA /* libopencv_features2d.4.8.0.dylib */,
				05E7F2F02AB1AD6F00456CFA /* libopencv_flann.4.8.0.dylib */,
				05E7F3032AB1AD6F00456CFA /* libopencv_freetype.4.8.0.dylib */,
				05E7F2F82AB1AD6F00456CFA /* libopencv_fuzzy.4.8.0.dylib */,
				05E7F3112AB1AD6F00456CFA /* libopencv_gapi.4.8.0.dylib */,
				05E7F3242AB1AD6F00456CFA /* libopencv_hfs.4.8.0.dylib */,
				05E7F3042AB1AD6F00456CFA /* libopencv_highgui.4.8.0.dylib */,
				05E7F3212AB1AD6F00456CFA /* libopencv_img_hash.4.8.0.dylib */,
				05E7F3162AB1AD6F00456CFA /* libopencv_imgcodecs.4.8.0.dylib */,
				05E7F31C2AB1AD6F00456CFA /* libopencv_imgproc.4.8.0.dylib */,
				05E7F2FC2AB1AD6F00456CFA /* libopencv_intensity_transform.4.8.0.dylib */,
				05E7F3142AB1AD6F00456CFA /* libopencv_line_descriptor.4.8.0.dylib */,
				05E7F2F32AB1AD6F00456CFA /* libopencv_mcc.4.8.0.dylib */,
				05E7F3012AB1AD6F00456CFA /* libopencv_ml.4.8.0.dylib */,
				05E7F2F22AB1AD6F00456CFA /* libopencv_objdetect.4.8.0.dylib */,
				05E7F30C2AB1AD6F00456CFA /* libopencv_optflow.4.8.0.dylib */,
				05E7F2F42AB1AD6F00456CFA /* libopencv_phase_unwrapping.4.8.0.dylib */,
				05E7F3102AB1AD6F00456CFA /* libopencv_photo.4.8.0.dylib */,
				05E7F3052AB1AD6F00456CFA /* libopencv_plot.4.8.0.dylib */,
				05E7F3182AB1AD6F00456CFA /* libopencv_quality.4.8.0.dylib */,
				05E7F3222AB1AD6F00456CFA /* libopencv_rapid.4.8.0.dylib */,
				05E7F3202AB1AD6F00456CFA /* libopencv_reg.4.8.0.dylib */,
				05E7F30E2AB1AD6F00456CFA /* libopencv_rgbd.4.8.0.dylib */,
				05E7F31E2AB1AD6F00456CFA /* libopencv_saliency.4.8.0.dylib */,
				05E7F30D2AB1AD6F00456CFA /* libopencv_sfm.4.8.0.dylib */,
				05E7F31B2AB1AD6F00456CFA /* libopencv_shape.4.8.0.dylib */,
				05E7F31A2AB1AD6F00456CFA /* libopencv_stereo.4.8.0.dylib */,
				05E7F3072AB1AD6F00456CFA /* libopencv_stitching.4.8.0.dylib */,
				05E7F3152AB1AD6F00456CFA /* libopencv_structured_light.4.8.0.dylib */,
				05E7F3262AB1AD6F00456CFA /* libopencv_superres.4.8.0.dylib */,
				05E7F3172AB1AD6F00456CFA /* libopencv_surface_matching.4.8.0.dylib */,
				05E7F2F12AB1AD6F00456CFA /* libopencv_text.4.8.0.dylib */,
				05E7F2FE2AB1AD6F00456CFA /* libopencv_tracking.4.8.0.dylib */,
				05E7F3062AB1AD6F00456CFA /* libopencv_video.4.8.0.dylib */,
				05E7F2F62AB1AD6F00456CFA /* libopencv_videoio.4.8.0.dylib */,
				05E7F2FB2AB1AD6F00456CFA /* libopencv_videostab.4.8.0.dylib */,
				05E7F3082AB1AD6F00456CFA /* libopencv_viz.4.8.0.dylib */,
				05E7F3092AB1AD6F00456CFA /* libopencv_wechat_qrcode.4.8.0.dylib */,
				05E7F31D2AB1AD6F00456CFA /* libopencv_xfeatures2d.4.8.0.dylib */,
				05E7F3022AB1AD6F00456CFA /* libopencv_ximgproc.4.8.0.dylib */,
				05E7F31F2AB1AD6F00456CFA /* libopencv_xobjdetect.4.8.0.dylib */,
				05E7F3002AB1AD6F00456CFA /* libopencv_xphoto.4.8.0.dylib */,
			);
			path = opencvGroup;
			sourceTree = "<group>";
		};
/* End PBXGroup section */

/* Begin PBXNativeTarget section */
		05E7F2E42AB1AC9600456CFA /* opencv_exp_1 */ = {
			isa = PBXNativeTarget;
			buildConfigurationList = 05E7F2EC2AB1AC9600456CFA /* Build configuration list for PBXNativeTarget "opencv_exp_1" */;
			buildPhases = (
				05E7F2E12AB1AC9600456CFA /* Sources */,
				05E7F2E22AB1AC9600456CFA /* Frameworks */,
				05E7F2E32AB1AC9600456CFA /* CopyFiles */,
			);
			buildRules = (
			);
			dependencies = (
			);
			name = opencv_exp_1;
			productName = opencv_exp_1;
			productReference = 05E7F2E52AB1AC9600456CFA /* opencv_exp_1 */;
			productType = "com.apple.product-type.tool";
		};
/* End PBXNativeTarget section */

/* Begin PBXProject section */
		05E7F2DD2AB1AC9600456CFA /* Project object */ = {
			isa = PBXProject;
			attributes = {
				BuildIndependentTargetsInParallel = 1;
				LastUpgradeCheck = 1430;
				TargetAttributes = {
					05E7F2E42AB1AC9600456CFA = {
						CreatedOnToolsVersion = 14.3.1;
					};
				};
			};
			buildConfigurationList = 05E7F2E02AB1AC9600456CFA /* Build configuration list for PBXProject "opencv_exp_1" */;
			compatibilityVersion = "Xcode 14.0";
			developmentRegion = en;
			hasScannedForEncodings = 0;
			knownRegions = (
				en,
				Base,
			);
			mainGroup = 05E7F2DC2AB1AC9600456CFA;
			productRefGroup = 05E7F2E62AB1AC9600456CFA /* Products */;
			projectDirPath = "";
			projectRoot = "";
			targets = (
				05E7F2E42AB1AC9600456CFA /* opencv_exp_1 */,
			);
		};
/* End PBXProject section */

/* Begin PBXSourcesBuildPhase section */
		05E7F2E12AB1AC9600456CFA /* Sources */ = {
			isa = PBXSourcesBuildPhase;
			buildActionMask = 2147483647;
			files = (
				05E7F2E92AB1AC9600456CFA /* main.cpp in Sources */,
			);
			runOnlyForDeploymentPostprocessing = 0;
		};
/* End PBXSourcesBuildPhase section */

/* Begin XCBuildConfiguration section */
		05E7F2EA2AB1AC9600456CFA /* Debug */ = {
			isa = XCBuildConfiguration;
			buildSettings = {
				ALWAYS_SEARCH_USER_PATHS = NO;
				CLANG_ANALYZER_NONNULL = YES;
				CLANG_ANALYZER_NUMBER_OBJECT_CONVERSION = YES_AGGRESSIVE;
				CLANG_CXX_LANGUAGE_STANDARD = "gnu++20";
				CLANG_ENABLE_MODULES = YES;
				CLANG_ENABLE_OBJC_ARC = YES;
				CLANG_ENABLE_OBJC_WEAK = YES;
				CLANG_WARN_BLOCK_CAPTURE_AUTORELEASING = YES;
				CLANG_WARN_BOOL_CONVERSION = YES;
				CLANG_WARN_COMMA = YES;
				CLANG_WARN_CONSTANT_CONVERSION = YES;
				CLANG_WARN_DEPRECATED_OBJC_IMPLEMENTATIONS = YES;
				CLANG_WARN_DIRECT_OBJC_ISA_USAGE = YES_ERROR;
				CLANG_WARN_DOCUMENTATION_COMMENTS = YES;
				CLANG_WARN_EMPTY_BODY = YES;
				CLANG_WARN_ENUM_CONVERSION = YES;
				CLANG_WARN_INFINITE_RECURSION = YES;
				CLANG_WARN_INT_CONVERSION = YES;
				CLANG_WARN_NON_LITERAL_NULL_CONVERSION = YES;
				CLANG_WARN_OBJC_IMPLICIT_RETAIN_SELF = YES;
				CLANG_WARN_OBJC_LITERAL_CONVERSION = YES;
				CLANG_WARN_OBJC_ROOT_CLASS = YES_ERROR;
				CLANG_WARN_QUOTED_INCLUDE_IN_FRAMEWORK_HEADER = YES;
				CLANG_WARN_RANGE_LOOP_ANALYSIS = YES;
				CLANG_WARN_STRICT_PROTOTYPES = YES;
				CLANG_WARN_SUSPICIOUS_MOVE = YES;
				CLANG_WARN_UNGUARDED_AVAILABILITY = YES_AGGRESSIVE;
				CLANG_WARN_UNREACHABLE_CODE = YES;
				CLANG_WARN__DUPLICATE_METHOD_MATCH = YES;
				COPY_PHASE_STRIP = NO;
				DEBUG_INFORMATION_FORMAT = dwarf;
				ENABLE_STRICT_OBJC_MSGSEND = YES;
				ENABLE_TESTABILITY = YES;
				GCC_C_LANGUAGE_STANDARD = gnu11;
				GCC_DYNAMIC_NO_PIC = NO;
				GCC_NO_COMMON_BLOCKS = YES;
				GCC_OPTIMIZATION_LEVEL = 0;
				GCC_PREPROCESSOR_DEFINITIONS = (
					"DEBUG=1",
					"$(inherited)",
				);
				GCC_WARN_64_TO_32_BIT_CONVERSION = YES;
				GCC_WARN_ABOUT_RETURN_TYPE = YES_ERROR;
				GCC_WARN_UNDECLARED_SELECTOR = YES;
				GCC_WARN_UNINITIALIZED_AUTOS = YES_AGGRESSIVE;
				GCC_WARN_UNUSED_FUNCTION = YES;
				GCC_WARN_UNUSED_VARIABLE = YES;
				MACOSX_DEPLOYMENT_TARGET = 13.3;
				MTL_ENABLE_DEBUG_INFO = INCLUDE_SOURCE;
				MTL_FAST_MATH = YES;
				ONLY_ACTIVE_ARCH = YES;
				SDKROOT = macosx;
			};
			name = Debug;
		};
		05E7F2EB2AB1AC9600456CFA /* Release */ = {
			isa = XCBuildConfiguration;
			buildSettings = {
				ALWAYS_SEARCH_USER_PATHS = NO;
				CLANG_ANALYZER_NONNULL = YES;
				CLANG_ANALYZER_NUMBER_OBJECT_CONVERSION = YES_AGGRESSIVE;
				CLANG_CXX_LANGUAGE_STANDARD = "gnu++20";
				CLANG_ENABLE_MODULES = YES;
				CLANG_ENABLE_OBJC_ARC = YES;
				CLANG_ENABLE_OBJC_WEAK = YES;
				CLANG_WARN_BLOCK_CAPTURE_AUTORELEASING = YES;
				CLANG_WARN_BOOL_CONVERSION = YES;
				CLANG_WARN_COMMA = YES;
				CLANG_WARN_CONSTANT_CONVERSION = YES;
				CLANG_WARN_DEPRECATED_OBJC_IMPLEMENTATIONS = YES;
				CLANG_WARN_DIRECT_OBJC_ISA_USAGE = YES_ERROR;
				CLANG_WARN_DOCUMENTATION_COMMENTS = YES;
				CLANG_WARN_EMPTY_BODY = YES;
				CLANG_WARN_ENUM_CONVERSION = YES;
				CLANG_WARN_INFINITE_RECURSION = YES;
				CLANG_WARN_INT_CONVERSION = YES;
				CLANG_WARN_NON_LITERAL_NULL_CONVERSION = YES;
				CLANG_WARN_OBJC_IMPLICIT_RETAIN_SELF = YES;
				CLANG_WARN_OBJC_LITERAL_CONVERSION = YES;
				CLANG_WARN_OBJC_ROOT_CLASS = YES_ERROR;
				CLANG_WARN_QUOTED_INCLUDE_IN_FRAMEWORK_HEADER = YES;
				CLANG_WARN_RANGE_LOOP_ANALYSIS = YES;
				CLANG_WARN_STRICT_PROTOTYPES = YES;
				CLANG_WARN_SUSPICIOUS_MOVE = YES;
				CLANG_WARN_UNGUARDED_AVAILABILITY = YES_AGGRESSIVE;
				CLANG_WARN_UNREACHABLE_CODE = YES;
				CLANG_WARN__DUPLICATE_METHOD_MATCH = YES;
				COPY_PHASE_STRIP = NO;
				DEBUG_INFORMATION_FORMAT = "dwarf-with-dsym";
				ENABLE_NS_ASSERTIONS = NO;
				ENABLE_STRICT_OBJC_MSGSEND = YES;
				GCC_C_LANGUAGE_STANDARD = gnu11;
				GCC_NO_COMMON_BLOCKS = YES;
				GCC_WARN_64_TO_32_BIT_CONVERSION = YES;
				GCC_WARN_ABOUT_RETURN_TYPE = YES_ERROR;
				GCC_WARN_UNDECLARED_SELECTOR = YES;
				GCC_WARN_UNINITIALIZED_AUTOS = YES_AGGRESSIVE;
				GCC_WARN_UNUSED_FUNCTION = YES;
				GCC_WARN_UNUSED_VARIABLE = YES;
				MACOSX_DEPLOYMENT_TARGET = 13.3;
				MTL_ENABLE_DEBUG_INFO = NO;
				MTL_FAST_MATH = YES;
				SDKROOT = macosx;
			};
			name = Release;
		};
		05E7F2ED2AB1AC9600456CFA /* Debug */ = {
			isa = XCBuildConfiguration;
			buildSettings = {
				CODE_SIGN_STYLE = Automatic;
				HEADER_SEARCH_PATHS = /opt/homebrew/Cellar/opencv/4.8.0_6/include/opencv4;
				LIBRARY_SEARCH_PATHS = /opt/homebrew/Cellar/opencv/4.8.0_6/lib;
				PRODUCT_NAME = "$(TARGET_NAME)";
			};
			name = Debug;
		};
		05E7F2EE2AB1AC9600456CFA /* Release */ = {
			isa = XCBuildConfiguration;
			buildSettings = {
				CODE_SIGN_STYLE = Automatic;
				HEADER_SEARCH_PATHS = /opt/homebrew/Cellar/opencv/4.8.0_6/include/opencv4;
				LIBRARY_SEARCH_PATHS = /opt/homebrew/Cellar/opencv/4.8.0_6/lib;
				PRODUCT_NAME = "$(TARGET_NAME)";
			};
			name = Release;
		};
/* End XCBuildConfiguration section */

/* Begin XCConfigurationList section */
		05E7F2E02AB1AC9600456CFA /* Build configuration list for PBXProject "opencv_exp_1" */ = {
			isa = XCConfigurationList;
			buildConfigurations = (
				05E7F2EA2AB1AC9600456CFA /* Debug */,
				05E7F2EB2AB1AC9600456CFA /* Release */,
			);
			defaultConfigurationIsVisible = 0;
			defaultConfigurationName = Release;
		};
		05E7F2EC2AB1AC9600456CFA /* Build configuration list for PBXNativeTarget "opencv_exp_1" */ = {
			isa = XCConfigurationList;
			buildConfigurations = (
				05E7F2ED2AB1AC9600456CFA /* Debug */,
				05E7F2EE2AB1AC9600456CFA /* Release */,
			);
			defaultConfigurationIsVisible = 0;
			defaultConfigurationName = Release;
		};
/* End XCConfigurationList section */
	};
	rootObject = 05E7F2DD2AB1AC9600456CFA /* Project object */;
}
