
Microsoft Visual Studio Solution File, Format Version 12.00
# Visual Studio Version 17
VisualStudioVersion = 17.7.34031.279
MinimumVisualStudioVersion = 10.0.40219.1
Project("{8BC9CEB8-8B4A-11D0-8D11-00A0C91BC942}") = "exp_2_Client", "exp_2_Client.vcxproj", "{28BC3A30-AA30-40D6-B4E7-DEED0479E905}"
EndProject
Global
	GlobalSection(SolutionConfigurationPlatforms) = preSolution
		Debug|x64 = Debug|x64
		Release|x64 = Release|x64
	EndGlobalSection
	GlobalSection(ProjectConfigurationPlatforms) = postSolution
		{28BC3A30-AA30-40D6-B4E7-DEED0479E905}.Debug|x64.ActiveCfg = Debug|x64
		{28BC3A30-AA30-40D6-B4E7-DEED0479E905}.Debug|x64.Build.0 = Debug|x64
		{28BC3A30-AA30-40D6-B4E7-DEED0479E905}.Release|x64.ActiveCfg = Release|x64
		{28BC3A30-AA30-40D6-B4E7-DEED0479E905}.Release|x64.Build.0 = Release|x64
	EndGlobalSection
	GlobalSection(SolutionProperties) = preSolution
		HideSolutionNode = FALSE
	EndGlobalSection
	GlobalSection(ExtensibilityGlobals) = postSolution
		SolutionGuid = {59070849-E725-4703-B019-BBED829B1F97}
	EndGlobalSection
EndGlobal
