
Microsoft Visual Studio Solution File, Format Version 12.00
# Visual Studio Version 17
VisualStudioVersion = 17.7.34031.279
MinimumVisualStudioVersion = 10.0.40219.1
Project("{8BC9CEB8-8B4A-11D0-8D11-00A0C91BC942}") = "Production_System_with_GUI", "Production_System_with_GUI.vcxproj", "{BD3E86C8-1CBC-443F-883A-BA5013D9A318}"
EndProject
Global
	GlobalSection(SolutionConfigurationPlatforms) = preSolution
		Debug|x64 = Debug|x64
		Release|x64 = Release|x64
	EndGlobalSection
	GlobalSection(ProjectConfigurationPlatforms) = postSolution
		{BD3E86C8-1CBC-443F-883A-BA5013D9A318}.Debug|x64.ActiveCfg = Debug|x64
		{BD3E86C8-1CBC-443F-883A-BA5013D9A318}.Debug|x64.Build.0 = Debug|x64
		{BD3E86C8-1CBC-443F-883A-BA5013D9A318}.Release|x64.ActiveCfg = Release|x64
		{BD3E86C8-1CBC-443F-883A-BA5013D9A318}.Release|x64.Build.0 = Release|x64
	EndGlobalSection
	GlobalSection(SolutionProperties) = preSolution
		HideSolutionNode = FALSE
	EndGlobalSection
	GlobalSection(ExtensibilityGlobals) = postSolution
		SolutionGuid = {86516514-87FC-401F-924C-FF47DBD22EFE}
	EndGlobalSection
EndGlobal
