
Microsoft Visual Studio Solution File, Format Version 12.00
# Visual Studio Version 17
VisualStudioVersion = 17.7.34031.279
MinimumVisualStudioVersion = 10.0.40219.1
Project("{8BC9CEB8-8B4A-11D0-8D11-00A0C91BC942}") = "client", "client.vcxproj", "{ADE78A93-4217-450E-A824-45BD5299C8E0}"
EndProject
Global
	GlobalSection(SolutionConfigurationPlatforms) = preSolution
		Debug|x64 = Debug|x64
		Debug|x86 = Debug|x86
		Release|x64 = Release|x64
		Release|x86 = Release|x86
	EndGlobalSection
	GlobalSection(ProjectConfigurationPlatforms) = postSolution
		{ADE78A93-4217-450E-A824-45BD5299C8E0}.Debug|x64.ActiveCfg = Debug|x64
		{ADE78A93-4217-450E-A824-45BD5299C8E0}.Debug|x64.Build.0 = Debug|x64
		{ADE78A93-4217-450E-A824-45BD5299C8E0}.Debug|x86.ActiveCfg = Debug|Win32
		{ADE78A93-4217-450E-A824-45BD5299C8E0}.Debug|x86.Build.0 = Debug|Win32
		{ADE78A93-4217-450E-A824-45BD5299C8E0}.Release|x64.ActiveCfg = Release|x64
		{ADE78A93-4217-450E-A824-45BD5299C8E0}.Release|x64.Build.0 = Release|x64
		{ADE78A93-4217-450E-A824-45BD5299C8E0}.Release|x86.ActiveCfg = Release|Win32
		{ADE78A93-4217-450E-A824-45BD5299C8E0}.Release|x86.Build.0 = Release|Win32
	EndGlobalSection
	GlobalSection(SolutionProperties) = preSolution
		HideSolutionNode = FALSE
	EndGlobalSection
	GlobalSection(ExtensibilityGlobals) = postSolution
		SolutionGuid = {F49DBB56-3AEA-408B-B422-F35A5600F6C3}
	EndGlobalSection
EndGlobal
