
Microsoft Visual Studio Solution File, Format Version 12.00
# Visual Studio Version 17
VisualStudioVersion = 17.6.33723.286
MinimumVisualStudioVersion = 10.0.40219.1
Project("{8BC9CEB8-8B4A-11D0-8D11-00A0C91BC942}") = "opencv_exp_1_qt", "opencv_exp_1_qt.vcxproj", "{A863FBD2-840D-4CEE-B232-C37A98C64E2B}"
EndProject
Global
	GlobalSection(SolutionConfigurationPlatforms) = preSolution
		Debug|x64 = Debug|x64
		Release|x64 = Release|x64
	EndGlobalSection
	GlobalSection(ProjectConfigurationPlatforms) = postSolution
		{A863FBD2-840D-4CEE-B232-C37A98C64E2B}.Debug|x64.ActiveCfg = Debug|x64
		{A863FBD2-840D-4CEE-B232-C37A98C64E2B}.Debug|x64.Build.0 = Debug|x64
		{A863FBD2-840D-4CEE-B232-C37A98C64E2B}.Release|x64.ActiveCfg = Release|x64
		{A863FBD2-840D-4CEE-B232-C37A98C64E2B}.Release|x64.Build.0 = Release|x64
	EndGlobalSection
	GlobalSection(SolutionProperties) = preSolution
		HideSolutionNode = FALSE
	EndGlobalSection
	GlobalSection(ExtensibilityGlobals) = postSolution
		SolutionGuid = {3B2AE710-0697-4904-B827-6D269BCDCD06}
	EndGlobalSection
EndGlobal
