
Microsoft Visual Studio Solution File, Format Version 12.00
# Visual Studio Version 17
VisualStudioVersion = 17.7.34031.279
MinimumVisualStudioVersion = 10.0.40219.1
Project("{8BC9CEB8-8B4A-11D0-8D11-00A0C91BC942}") = "opencv_exp_5", "opencv_exp_5.vcxproj", "{1F2035E9-0E0C-4D2D-AF5B-B9F7DA5A21EE}"
EndProject
Global
	GlobalSection(SolutionConfigurationPlatforms) = preSolution
		Debug|x64 = Debug|x64
		Debug|x86 = Debug|x86
		Release|x64 = Release|x64
		Release|x86 = Release|x86
	EndGlobalSection
	GlobalSection(ProjectConfigurationPlatforms) = postSolution
		{1F2035E9-0E0C-4D2D-AF5B-B9F7DA5A21EE}.Debug|x64.ActiveCfg = Debug|x64
		{1F2035E9-0E0C-4D2D-AF5B-B9F7DA5A21EE}.Debug|x64.Build.0 = Debug|x64
		{1F2035E9-0E0C-4D2D-AF5B-B9F7DA5A21EE}.Debug|x86.ActiveCfg = Debug|Win32
		{1F2035E9-0E0C-4D2D-AF5B-B9F7DA5A21EE}.Debug|x86.Build.0 = Debug|Win32
		{1F2035E9-0E0C-4D2D-AF5B-B9F7DA5A21EE}.Release|x64.ActiveCfg = Release|x64
		{1F2035E9-0E0C-4D2D-AF5B-B9F7DA5A21EE}.Release|x64.Build.0 = Release|x64
		{1F2035E9-0E0C-4D2D-AF5B-B9F7DA5A21EE}.Release|x86.ActiveCfg = Release|Win32
		{1F2035E9-0E0C-4D2D-AF5B-B9F7DA5A21EE}.Release|x86.Build.0 = Release|Win32
	EndGlobalSection
	GlobalSection(SolutionProperties) = preSolution
		HideSolutionNode = FALSE
	EndGlobalSection
	GlobalSection(ExtensibilityGlobals) = postSolution
		SolutionGuid = {E842BC63-7CF0-4E72-A2CD-9DBBED792DB6}
	EndGlobalSection
EndGlobal
