
Microsoft Visual Studio Solution File, Format Version 12.00
# Visual Studio Version 17
VisualStudioVersion = 17.7.34031.279
MinimumVisualStudioVersion = 10.0.40219.1
Project("{8BC9CEB8-8B4A-11D0-8D11-00A0C91BC942}") = "Eight_Puzzle_Problem", "Eight_Puzzle_Problem.vcxproj", "{FF327E19-2A90-4F73-8334-788277469AB5}"
EndProject
Global
	GlobalSection(SolutionConfigurationPlatforms) = preSolution
		Debug|x64 = Debug|x64
		Release|x64 = Release|x64
	EndGlobalSection
	GlobalSection(ProjectConfigurationPlatforms) = postSolution
		{FF327E19-2A90-4F73-8334-788277469AB5}.Debug|x64.ActiveCfg = Debug|x64
		{FF327E19-2A90-4F73-8334-788277469AB5}.Debug|x64.Build.0 = Debug|x64
		{FF327E19-2A90-4F73-8334-788277469AB5}.Release|x64.ActiveCfg = Release|x64
		{FF327E19-2A90-4F73-8334-788277469AB5}.Release|x64.Build.0 = Release|x64
	EndGlobalSection
	GlobalSection(SolutionProperties) = preSolution
		HideSolutionNode = FALSE
	EndGlobalSection
	GlobalSection(ExtensibilityGlobals) = postSolution
		SolutionGuid = {C8BD1D1F-31DC-4DC5-B105-6FB49473FA62}
	EndGlobalSection
EndGlobal
